
Microsoft Visual Studio Solution File, Format Version 12.00
# Visual Studio Version 17
VisualStudioVersion = 17.3.32901.215
MinimumVisualStudioVersion = 10.0.40219.1
Project("{FAE04EC0-301F-11D3-BF4B-00C04F79EFBC}") = "Aether", "Aether.csproj", "{BF7F9B57-6022-46DB-BAC1-9BCA04A7B65F}"
EndProject
Global
	GlobalSection(SolutionConfigurationPlatforms) = preSolution
		Debug|Any CPU = Debug|Any CPU
		Release|Any CPU = Release|Any CPU
	EndGlobalSection
	GlobalSection(ProjectConfigurationPlatforms) = postSolution
		{BF7F9B57-6022-46DB-BAC1-9BCA04A7B65F}.Debug|Any CPU.ActiveCfg = Debug|Any CPU
		{BF7F9B57-6022-46DB-BAC1-9BCA04A7B65F}.Debug|Any CPU.Build.0 = Debug|Any CPU
		{BF7F9B57-6022-46DB-BAC1-9BCA04A7B65F}.Release|Any CPU.ActiveCfg = Release|Any CPU
		{BF7F9B57-6022-46DB-BAC1-9BCA04A7B65F}.Release|Any CPU.Build.0 = Release|Any CPU
	EndGlobalSection
	GlobalSection(SolutionProperties) = preSolution
		HideSolutionNode = FALSE
	EndGlobalSection
	GlobalSection(ExtensibilityGlobals) = postSolution
		SolutionGuid = {D21F9FD5-D05C-4CC9-95C9-CDF112DEBDD9}
	EndGlobalSection
EndGlobal
