
Microsoft Visual Studio Solution File, Format Version 12.00
# Visual Studio Version 17
VisualStudioVersion = 17.3.32901.215
MinimumVisualStudioVersion = 10.0.40219.1
Project("{9A19103F-16F7-4668-BE54-9A1E7A4F7556}") = "GUI", "GUI\GUI.csproj", "{51EDC105-81B8-44DF-B0F4-AD395F3846FF}"
EndProject
Global
	GlobalSection(SolutionConfigurationPlatforms) = preSolution
		Debug|Any CPU = Debug|Any CPU
		Release|Any CPU = Release|Any CPU
	EndGlobalSection
	GlobalSection(ProjectConfigurationPlatforms) = postSolution
		{51EDC105-81B8-44DF-B0F4-AD395F3846FF}.Debug|Any CPU.ActiveCfg = Debug|Any CPU
		{51EDC105-81B8-44DF-B0F4-AD395F3846FF}.Debug|Any CPU.Build.0 = Debug|Any CPU
		{51EDC105-81B8-44DF-B0F4-AD395F3846FF}.Release|Any CPU.ActiveCfg = Release|Any CPU
		{51EDC105-81B8-44DF-B0F4-AD395F3846FF}.Release|Any CPU.Build.0 = Release|Any CPU
	EndGlobalSection
	GlobalSection(SolutionProperties) = preSolution
		HideSolutionNode = FALSE
	EndGlobalSection
	GlobalSection(ExtensibilityGlobals) = postSolution
		SolutionGuid = {59C74E01-9233-4BF3-A206-3058ABC8038C}
	EndGlobalSection
EndGlobal
