
Microsoft Visual Studio Solution File, Format Version 12.00
# Visual Studio Version 17
VisualStudioVersion = 17.4.33205.214
MinimumVisualStudioVersion = 10.0.40219.1
Project("{FAE04EC0-301F-11D3-BF4B-00C04F79EFBC}") = "Installation", "Installation.csproj", "{73B24494-8591-4894-808A-FCB6BA83967A}"
EndProject
Global
	GlobalSection(SolutionConfigurationPlatforms) = preSolution
		Debug|Any CPU = Debug|Any CPU
		Release|Any CPU = Release|Any CPU
	EndGlobalSection
	GlobalSection(ProjectConfigurationPlatforms) = postSolution
		{73B24494-8591-4894-808A-FCB6BA83967A}.Debug|Any CPU.ActiveCfg = Debug|Any CPU
		{73B24494-8591-4894-808A-FCB6BA83967A}.Debug|Any CPU.Build.0 = Debug|Any CPU
		{73B24494-8591-4894-808A-FCB6BA83967A}.Release|Any CPU.ActiveCfg = Release|Any CPU
		{73B24494-8591-4894-808A-FCB6BA83967A}.Release|Any CPU.Build.0 = Release|Any CPU
	EndGlobalSection
	GlobalSection(SolutionProperties) = preSolution
		HideSolutionNode = FALSE
	EndGlobalSection
	GlobalSection(ExtensibilityGlobals) = postSolution
		SolutionGuid = {CD48E79E-0458-4A75-B196-2021CFD4F31F}
	EndGlobalSection
EndGlobal
