
Microsoft Visual Studio Solution File, Format Version 12.00
# Visual Studio Version 17
VisualStudioVersion = 17.3.32901.215
MinimumVisualStudioVersion = 10.0.40219.1
Project("{FAE04EC0-301F-11D3-BF4B-00C04F79EFBC}") = "AetherGUI", "AetherGUI\AetherGUI.csproj", "{4452E110-0D80-4C72-8681-7E2898F8809D}"
EndProject
Global
	GlobalSection(SolutionConfigurationPlatforms) = preSolution
		Debug|Any CPU = Debug|Any CPU
		Release|Any CPU = Release|Any CPU
	EndGlobalSection
	GlobalSection(ProjectConfigurationPlatforms) = postSolution
		{4452E110-0D80-4C72-8681-7E2898F8809D}.Debug|Any CPU.ActiveCfg = Debug|Any CPU
		{4452E110-0D80-4C72-8681-7E2898F8809D}.Debug|Any CPU.Build.0 = Debug|Any CPU
		{4452E110-0D80-4C72-8681-7E2898F8809D}.Release|Any CPU.ActiveCfg = Release|Any CPU
		{4452E110-0D80-4C72-8681-7E2898F8809D}.Release|Any CPU.Build.0 = Release|Any CPU
	EndGlobalSection
	GlobalSection(SolutionProperties) = preSolution
		HideSolutionNode = FALSE
	EndGlobalSection
	GlobalSection(ExtensibilityGlobals) = postSolution
		SolutionGuid = {180A267A-F364-4566-979F-E913D24D197A}
	EndGlobalSection
EndGlobal
